// !$*UTF8*$!
{
	archiveVersion = 1;
	classes = {
	};
	objectVersion = 46;
	objects = {

/* Begin PBXBuildFile section */
		895825D51EF92E4000FDD8FB /* AppDelegate.swift in Sources */ = {isa = PBXBuildFile; fileRef = 895825D41EF92E4000FDD8FB /* AppDelegate.swift */; };
		895825D71EF92E4000FDD8FB /* MainVC.swift in Sources */ = {isa = PBXBuildFile; fileRef = 895825D61EF92E4000FDD8FB /* MainVC.swift */; };
		895825DA1EF92E4000FDD8FB /* Main.storyboard in Resources */ = {isa = PBXBuildFile; fileRef = 895825D81EF92E4000FDD8FB /* Main.storyboard */; };
		895825DC1EF92E4000FDD8FB /* Assets.xcassets in Resources */ = {isa = PBXBuildFile; fileRef = 895825DB1EF92E4000FDD8FB /* Assets.xcassets */; };
		895825DF1EF92E4000FDD8FB /* LaunchScreen.storyboard in Resources */ = {isa = PBXBuildFile; fileRef = 895825DD1EF92E4000FDD8FB /* LaunchScreen.storyboard */; };
		895825E71EF9356E00FDD8FB /* MemoryVC.swift in Sources */ = {isa = PBXBuildFile; fileRef = 895825E61EF9356E00FDD8FB /* MemoryVC.swift */; };
		895825E91EF9360600FDD8FB /* MemoryCell.swift in Sources */ = {isa = PBXBuildFile; fileRef = 895825E81EF9360600FDD8FB /* MemoryCell.swift */; };
/* End PBXBuildFile section */

/* Begin PBXFileReference section */
		895825D11EF92E4000FDD8FB /* Happy Days.app */ = {isa = PBXFileReference; explicitFileType = wrapper.application; includeInIndex = 0; path = "Happy Days.app"; sourceTree = BUILT_PRODUCTS_DIR; };
		895825D41EF92E4000FDD8FB /* AppDelegate.swift */ = {isa = PBXFileReference; lastKnownFileType = sourcecode.swift; path = AppDelegate.swift; sourceTree = "<group>"; };
		895825D61EF92E4000FDD8FB /* MainVC.swift */ = {isa = PBXFileReference; lastKnownFileType = sourcecode.swift; path = MainVC.swift; sourceTree = "<group>"; };
		895825D91EF92E4000FDD8FB /* Base */ = {isa = PBXFileReference; lastKnownFileType = file.storyboard; name = Base; path = Base.lproj/Main.storyboard; sourceTree = "<group>"; };
		895825DB1EF92E4000FDD8FB /* Assets.xcassets */ = {isa = PBXFileReference; lastKnownFileType = folder.assetcatalog; path = Assets.xcassets; sourceTree = "<group>"; };
		895825DE1EF92E4000FDD8FB /* Base */ = {isa = PBXFileReference; lastKnownFileType = file.storyboard; name = Base; path = Base.lproj/LaunchScreen.storyboard; sourceTree = "<group>"; };
		895825E01EF92E4100FDD8FB /* Info.plist */ = {isa = PBXFileReference; lastKnownFileType = text.plist.xml; path = Info.plist; sourceTree = "<group>"; };
		895825E61EF9356E00FDD8FB /* MemoryVC.swift */ = {isa = PBXFileReference; fileEncoding = 4; lastKnownFileType = sourcecode.swift; path = MemoryVC.swift; sourceTree = "<group>"; };
		895825E81EF9360600FDD8FB /* MemoryCell.swift */ = {isa = PBXFileReference; fileEncoding = 4; lastKnownFileType = sourcecode.swift; path = MemoryCell.swift; sourceTree = "<group>"; };
/* End PBXFileReference section */

/* Begin PBXFrameworksBuildPhase section */
		895825CE1EF92E4000FDD8FB /* Frameworks */ = {
			isa = PBXFrameworksBuildPhase;
			buildActionMask = 2147483647;
			files = (
			);
			runOnlyForDeploymentPostprocessing = 0;
		};
/* End PBXFrameworksBuildPhase section */

/* Begin PBXGroup section */
		895825C81EF92E4000FDD8FB = {
			isa = PBXGroup;
			children = (
				895825D31EF92E4000FDD8FB /* Happy Days */,
				895825D21EF92E4000FDD8FB /* Products */,
			);
			sourceTree = "<group>";
		};
		895825D21EF92E4000FDD8FB /* Products */ = {
			isa = PBXGroup;
			children = (
				895825D11EF92E4000FDD8FB /* Happy Days.app */,
			);
			name = Products;
			sourceTree = "<group>";
		};
		895825D31EF92E4000FDD8FB /* Happy Days */ = {
			isa = PBXGroup;
			children = (
				895825D41EF92E4000FDD8FB /* AppDelegate.swift */,
				895825D61EF92E4000FDD8FB /* MainVC.swift */,
				895825E61EF9356E00FDD8FB /* MemoryVC.swift */,
				895825D81EF92E4000FDD8FB /* Main.storyboard */,
				895825DB1EF92E4000FDD8FB /* Assets.xcassets */,
				895825DD1EF92E4000FDD8FB /* LaunchScreen.storyboard */,
				895825E01EF92E4100FDD8FB /* Info.plist */,
				895825E81EF9360600FDD8FB /* MemoryCell.swift */,
			);
			path = "Happy Days";
			sourceTree = "<group>";
		};
/* End PBXGroup section */

/* Begin PBXNativeTarget section */
		895825D01EF92E4000FDD8FB /* Happy Days */ = {
			isa = PBXNativeTarget;
			buildConfigurationList = 895825E31EF92E4100FDD8FB /* Build configuration list for PBXNativeTarget "Happy Days" */;
			buildPhases = (
				895825CD1EF92E4000FDD8FB /* Sources */,
				895825CE1EF92E4000FDD8FB /* Frameworks */,
				895825CF1EF92E4000FDD8FB /* Resources */,
			);
			buildRules = (
			);
			dependencies = (
			);
			name = "Happy Days";
			productName = "Happy Days";
			productReference = 895825D11EF92E4000FDD8FB /* Happy Days.app */;
			productType = "com.apple.product-type.application";
		};
/* End PBXNativeTarget section */

/* Begin PBXProject section */
		895825C91EF92E4000FDD8FB /* Project object */ = {
			isa = PBXProject;
			attributes = {
				LastSwiftUpdateCheck = 0830;
				LastUpgradeCheck = 0830;
				ORGANIZATIONNAME = "Akil Kumar Thota";
				TargetAttributes = {
					895825D01EF92E4000FDD8FB = {
						CreatedOnToolsVersion = 8.3.2;
						DevelopmentTeam = 6UPMA52VHK;
						ProvisioningStyle = Automatic;
					};
				};
			};
			buildConfigurationList = 895825CC1EF92E4000FDD8FB /* Build configuration list for PBXProject "Happy Days" */;
			compatibilityVersion = "Xcode 3.2";
			developmentRegion = English;
			hasScannedForEncodings = 0;
			knownRegions = (
				en,
				Base,
			);
			mainGroup = 895825C81EF92E4000FDD8FB;
			productRefGroup = 895825D21EF92E4000FDD8FB /* Products */;
			projectDirPath = "";
			projectRoot = "";
			targets = (
				895825D01EF92E4000FDD8FB /* Happy Days */,
			);
		};
/* End PBXProject section */

/* Begin PBXResourcesBuildPhase section */
		895825CF1EF92E4000FDD8FB /* Resources */ = {
			isa = PBXResourcesBuildPhase;
			buildActionMask = 2147483647;
			files = (
				895825DF1EF92E4000FDD8FB /* LaunchScreen.storyboard in Resources */,
				895825DC1EF92E4000FDD8FB /* Assets.xcassets in Resources */,
				895825DA1EF92E4000FDD8FB /* Main.storyboard in Resources */,
			);
			runOnlyForDeploymentPostprocessing = 0;
		};
/* End PBXResourcesBuildPhase section */

/* Begin PBXSourcesBuildPhase section */
		895825CD1EF92E4000FDD8FB /* Sources */ = {
			isa = PBXSourcesBuildPhase;
			buildActionMask = 2147483647;
			files = (
				895825E91EF9360600FDD8FB /* MemoryCell.swift in Sources */,
				895825D71EF92E4000FDD8FB /* MainVC.swift in Sources */,
				895825E71EF9356E00FDD8FB /* MemoryVC.swift in Sources */,
				895825D51EF92E4000FDD8FB /* AppDelegate.swift in Sources */,
			);
			runOnlyForDeploymentPostprocessing = 0;
		};
/* End PBXSourcesBuildPhase section */

/* Begin PBXVariantGroup section */
		895825D81EF92E4000FDD8FB /* Main.storyboard */ = {
			isa = PBXVariantGroup;
			children = (
				895825D91EF92E4000FDD8FB /* Base */,
			);
			name = Main.storyboard;
			sourceTree = "<group>";
		};
		895825DD1EF92E4000FDD8FB /* LaunchScreen.storyboard */ = {
			isa = PBXVariantGroup;
			children = (
				895825DE1EF92E4000FDD8FB /* Base */,
			);
			name = LaunchScreen.storyboard;
			sourceTree = "<group>";
		};
/* End PBXVariantGroup section */

/* Begin XCBuildConfiguration section */
		895825E11EF92E4100FDD8FB /* Debug */ = {
			isa = XCBuildConfiguration;
			buildSettings = {
				ALWAYS_SEARCH_USER_PATHS = NO;
				CLANG_ANALYZER_NONNULL = YES;
				CLANG_ANALYZER_NUMBER_OBJECT_CONVERSION = YES_AGGRESSIVE;
				CLANG_CXX_LANGUAGE_STANDARD = "gnu++0x";
				CLANG_CXX_LIBRARY = "libc++";
				CLANG_ENABLE_MODULES = YES;
				CLANG_ENABLE_OBJC_ARC = YES;
				CLANG_WARN_BOOL_CONVERSION = YES;
				CLANG_WARN_CONSTANT_CONVERSION = YES;
				CLANG_WARN_DIRECT_OBJC_ISA_USAGE = YES_ERROR;
				CLANG_WARN_DOCUMENTATION_COMMENTS = YES;
				CLANG_WARN_EMPTY_BODY = YES;
				CLANG_WARN_ENUM_CONVERSION = YES;
				CLANG_WARN_INFINITE_RECURSION = YES;
				CLANG_WARN_INT_CONVERSION = YES;
				CLANG_WARN_OBJC_ROOT_CLASS = YES_ERROR;
				CLANG_WARN_SUSPICIOUS_MOVE = YES;
				CLANG_WARN_UNREACHABLE_CODE = YES;
				CLANG_WARN__DUPLICATE_METHOD_MATCH = YES;
				"CODE_SIGN_IDENTITY[sdk=iphoneos*]" = "iPhone Developer";
				COPY_PHASE_STRIP = NO;
				DEBUG_INFORMATION_FORMAT = dwarf;
				ENABLE_STRICT_OBJC_MSGSEND = YES;
				ENABLE_TESTABILITY = YES;
				GCC_C_LANGUAGE_STANDARD = gnu99;
				GCC_DYNAMIC_NO_PIC = NO;
				GCC_NO_COMMON_BLOCKS = YES;
				GCC_OPTIMIZATION_LEVEL = 0;
				GCC_PREPROCESSOR_DEFINITIONS = (
					"DEBUG=1",
					"$(inherited)",
				);
				GCC_WARN_64_TO_32_BIT_CONVERSION = YES;
				GCC_WARN_ABOUT_RETURN_TYPE = YES_ERROR;
				GCC_WARN_UNDECLARED_SELECTOR = YES;
				GCC_WARN_UNINITIALIZED_AUTOS = YES_AGGRESSIVE;
				GCC_WARN_UNUSED_FUNCTION = YES;
				GCC_WARN_UNUSED_VARIABLE = YES;
				IPHONEOS_DEPLOYMENT_TARGET = 10.3;
				MTL_ENABLE_DEBUG_INFO = YES;
				ONLY_ACTIVE_ARCH = YES;
				SDKROOT = iphoneos;
				SWIFT_ACTIVE_COMPILATION_CONDITIONS = DEBUG;
				SWIFT_OPTIMIZATION_LEVEL = "-Onone";
			};
			name = Debug;
		};
		895825E21EF92E4100FDD8FB /* Release */ = {
			isa = XCBuildConfiguration;
			buildSettings = {
				ALWAYS_SEARCH_USER_PATHS = NO;
				CLANG_ANALYZER_NONNULL = YES;
				CLANG_ANALYZER_NUMBER_OBJECT_CONVERSION = YES_AGGRESSIVE;
				CLANG_CXX_LANGUAGE_STANDARD = "gnu++0x";
				CLANG_CXX_LIBRARY = "libc++";
				CLANG_ENABLE_MODULES = YES;
				CLANG_ENABLE_OBJC_ARC = YES;
				CLANG_WARN_BOOL_CONVERSION = YES;
				CLANG_WARN_CONSTANT_CONVERSION = YES;
				CLANG_WARN_DIRECT_OBJC_ISA_USAGE = YES_ERROR;
				CLANG_WARN_DOCUMENTATION_COMMENTS = YES;
				CLANG_WARN_EMPTY_BODY = YES;
				CLANG_WARN_ENUM_CONVERSION = YES;
				CLANG_WARN_INFINITE_RECURSION = YES;
				CLANG_WARN_INT_CONVERSION = YES;
				CLANG_WARN_OBJC_ROOT_CLASS = YES_ERROR;
				CLANG_WARN_SUSPICIOUS_MOVE = YES;
				CLANG_WARN_UNREACHABLE_CODE = YES;
				CLANG_WARN__DUPLICATE_METHOD_MATCH = YES;
				"CODE_SIGN_IDENTITY[sdk=iphoneos*]" = "iPhone Developer";
				COPY_PHASE_STRIP = NO;
				DEBUG_INFORMATION_FORMAT = "dwarf-with-dsym";
				ENABLE_NS_ASSERTIONS = NO;
				ENABLE_STRICT_OBJC_MSGSEND = YES;
				GCC_C_LANGUAGE_STANDARD = gnu99;
				GCC_NO_COMMON_BLOCKS = YES;
				GCC_WARN_64_TO_32_BIT_CONVERSION = YES;
				GCC_WARN_ABOUT_RETURN_TYPE = YES_ERROR;
				GCC_WARN_UNDECLARED_SELECTOR = YES;
				GCC_WARN_UNINITIALIZED_AUTOS = YES_AGGRESSIVE;
				GCC_WARN_UNUSED_FUNCTION = YES;
				GCC_WARN_UNUSED_VARIABLE = YES;
				IPHONEOS_DEPLOYMENT_TARGET = 10.3;
				MTL_ENABLE_DEBUG_INFO = NO;
				SDKROOT = iphoneos;
				SWIFT_OPTIMIZATION_LEVEL = "-Owholemodule";
				VALIDATE_PRODUCT = YES;
			};
			name = Release;
		};
		895825E41EF92E4100FDD8FB /* Debug */ = {
			isa = XCBuildConfiguration;
			buildSettings = {
				ASSETCATALOG_COMPILER_APPICON_NAME = AppIcon;
				DEVELOPMENT_TEAM = 6UPMA52VHK;
				INFOPLIST_FILE = "Happy Days/Info.plist";
				LD_RUNPATH_SEARCH_PATHS = "$(inherited) @executable_path/Frameworks";
				PRODUCT_BUNDLE_IDENTIFIER = "edu.asu.msse.athota1.Happy-Days";
				PRODUCT_NAME = "$(TARGET_NAME)";
				SWIFT_VERSION = 3.0;
			};
			name = Debug;
		};
		895825E51EF92E4100FDD8FB /* Release */ = {
			isa = XCBuildConfiguration;
			buildSettings = {
				ASSETCATALOG_COMPILER_APPICON_NAME = AppIcon;
				DEVELOPMENT_TEAM = 6UPMA52VHK;
				INFOPLIST_FILE = "Happy Days/Info.plist";
				LD_RUNPATH_SEARCH_PATHS = "$(inherited) @executable_path/Frameworks";
				PRODUCT_BUNDLE_IDENTIFIER = "edu.asu.msse.athota1.Happy-Days";
				PRODUCT_NAME = "$(TARGET_NAME)";
				SWIFT_VERSION = 3.0;
			};
			name = Release;
		};
/* End XCBuildConfiguration section */

/* Begin XCConfigurationList section */
		895825CC1EF92E4000FDD8FB /* Build configuration list for PBXProject "Happy Days" */ = {
			isa = XCConfigurationList;
			buildConfigurations = (
				895825E11EF92E4100FDD8FB /* Debug */,
				895825E21EF92E4100FDD8FB /* Release */,
			);
			defaultConfigurationIsVisible = 0;
			defaultConfigurationName = Release;
		};
		895825E31EF92E4100FDD8FB /* Build configuration list for PBXNativeTarget "Happy Days" */ = {
			isa = XCConfigurationList;
			buildConfigurations = (
				895825E41EF92E4100FDD8FB /* Debug */,
				895825E51EF92E4100FDD8FB /* Release */,
			);
			defaultConfigurationIsVisible = 0;
		};
/* End XCConfigurationList section */
	};
	rootObject = 895825C91EF92E4000FDD8FB /* Project object */;
}
